
Microsoft Visual Studio Solution File, Format Version 12.00
# Visual Studio Version 16
VisualStudioVersion = 16.0.29418.71
MinimumVisualStudioVersion = 10.0.40219.1
Project("{FAE04EC0-301F-11D3-BF4B-00C04F79EFBC}") = "Sakov.laba4", "Sakov.laba4\Sakov.laba4.csproj", "{888CA2D4-D214-4276-B296-460D8A48F0A9}"
EndProject
Global
	GlobalSection(SolutionConfigurationPlatforms) = preSolution
		Debug|Any CPU = Debug|Any CPU
		Release|Any CPU = Release|Any CPU
	EndGlobalSection
	GlobalSection(ProjectConfigurationPlatforms) = postSolution
		{888CA2D4-D214-4276-B296-460D8A48F0A9}.Debug|Any CPU.ActiveCfg = Debug|Any CPU
		{888CA2D4-D214-4276-B296-460D8A48F0A9}.Debug|Any CPU.Build.0 = Debug|Any CPU
		{888CA2D4-D214-4276-B296-460D8A48F0A9}.Release|Any CPU.ActiveCfg = Release|Any CPU
		{888CA2D4-D214-4276-B296-460D8A48F0A9}.Release|Any CPU.Build.0 = Release|Any CPU
	EndGlobalSection
	GlobalSection(SolutionProperties) = preSolution
		HideSolutionNode = FALSE
	EndGlobalSection
	GlobalSection(ExtensibilityGlobals) = postSolution
		SolutionGuid = {693BF7C1-0F1E-4C46-B495-E9DA7747E235}
	EndGlobalSection
EndGlobal
