
Microsoft Visual Studio Solution File, Format Version 12.00
# Visual Studio Version 16
VisualStudioVersion = 16.0.29418.71
MinimumVisualStudioVersion = 10.0.40219.1
Project("{FAE04EC0-301F-11D3-BF4B-00C04F79EFBC}") = "Sakov.laba2", "Sakov.laba2.csproj", "{1651419B-2F1A-47DA-ADFD-5EC794B8D2F3}"
EndProject
Global
	GlobalSection(SolutionConfigurationPlatforms) = preSolution
		Debug|Any CPU = Debug|Any CPU
		Release|Any CPU = Release|Any CPU
	EndGlobalSection
	GlobalSection(ProjectConfigurationPlatforms) = postSolution
		{1651419B-2F1A-47DA-ADFD-5EC794B8D2F3}.Debug|Any CPU.ActiveCfg = Debug|Any CPU
		{1651419B-2F1A-47DA-ADFD-5EC794B8D2F3}.Debug|Any CPU.Build.0 = Debug|Any CPU
		{1651419B-2F1A-47DA-ADFD-5EC794B8D2F3}.Release|Any CPU.ActiveCfg = Release|Any CPU
		{1651419B-2F1A-47DA-ADFD-5EC794B8D2F3}.Release|Any CPU.Build.0 = Release|Any CPU
	EndGlobalSection
	GlobalSection(SolutionProperties) = preSolution
		HideSolutionNode = FALSE
	EndGlobalSection
	GlobalSection(ExtensibilityGlobals) = postSolution
		SolutionGuid = {01C44BEE-2116-41C8-8A8F-01F0AFA61817}
	EndGlobalSection
EndGlobal
