
Microsoft Visual Studio Solution File, Format Version 12.00
# Visual Studio Version 16
VisualStudioVersion = 16.0.30011.22
MinimumVisualStudioVersion = 10.0.40219.1
Project("{FAE04EC0-301F-11D3-BF4B-00C04F79EFBC}") = "Sakov.Lab7-8", "Sakov.Lab7-8\Sakov.Lab7-8.csproj", "{ADA29E4A-BF50-474F-AD37-5ABCF4FBA6B9}"
EndProject
Global
	GlobalSection(SolutionConfigurationPlatforms) = preSolution
		Debug|Any CPU = Debug|Any CPU
		Release|Any CPU = Release|Any CPU
	EndGlobalSection
	GlobalSection(ProjectConfigurationPlatforms) = postSolution
		{ADA29E4A-BF50-474F-AD37-5ABCF4FBA6B9}.Debug|Any CPU.ActiveCfg = Debug|Any CPU
		{ADA29E4A-BF50-474F-AD37-5ABCF4FBA6B9}.Debug|Any CPU.Build.0 = Debug|Any CPU
		{ADA29E4A-BF50-474F-AD37-5ABCF4FBA6B9}.Release|Any CPU.ActiveCfg = Release|Any CPU
		{ADA29E4A-BF50-474F-AD37-5ABCF4FBA6B9}.Release|Any CPU.Build.0 = Release|Any CPU
	EndGlobalSection
	GlobalSection(SolutionProperties) = preSolution
		HideSolutionNode = FALSE
	EndGlobalSection
	GlobalSection(ExtensibilityGlobals) = postSolution
		SolutionGuid = {2729493F-74C2-44F2-9305-DD35CA3649AD}
	EndGlobalSection
EndGlobal
